// !$*UTF8*$!
{
	archiveVersion = 1;
	classes = {
	};
	objectVersion = 46;
	objects = {

/* Begin PBXBuildFile section */
		A80A49BF18EE922000F2F9B2 /* glcorearb.h in Headers */ = {isa = PBXBuildFile; fileRef = A80A49BC18EE922000F2F9B2 /* glcorearb.h */; };
		A80A49C018EE922000F2F9B2 /* Program.c in Sources */ = {isa = PBXBuildFile; fileRef = A80A49BD18EE922000F2F9B2 /* Program.c */; };
		A80A49C118EE922000F2F9B2 /* Program.h in Headers */ = {isa = PBXBuildFile; fileRef = A80A49BE18EE922000F2F9B2 /* Program.h */; };
/* End PBXBuildFile section */

/* Begin PBXFileReference section */
		A80A49B518EE921200F2F9B2 /* libFxsOpenGL.a */ = {isa = PBXFileReference; explicitFileType = archive.ar; includeInIndex = 0; path = libFxsOpenGL.a; sourceTree = BUILT_PRODUCTS_DIR; };
		A80A49BC18EE922000F2F9B2 /* glcorearb.h */ = {isa = PBXFileReference; fileEncoding = 4; lastKnownFileType = sourcecode.c.h; name = glcorearb.h; path = ../../OpenGL/glcorearb.h; sourceTree = "<group>"; };
		A80A49BD18EE922000F2F9B2 /* Program.c */ = {isa = PBXFileReference; fileEncoding = 4; lastKnownFileType = sourcecode.c.c; name = Program.c; path = ../../OpenGL/Program.c; sourceTree = "<group>"; };
		A80A49BE18EE922000F2F9B2 /* Program.h */ = {isa = PBXFileReference; fileEncoding = 4; lastKnownFileType = sourcecode.c.h; name = Program.h; path = ../../OpenGL/Program.h; sourceTree = "<group>"; };
/* End PBXFileReference section */

/* Begin PBXFrameworksBuildPhase section */
		A80A49B218EE921200F2F9B2 /* Frameworks */ = {
			isa = PBXFrameworksBuildPhase;
			buildActionMask = 2147483647;
			files = (
			);
			runOnlyForDeploymentPostprocessing = 0;
		};
/* End PBXFrameworksBuildPhase section */

/* Begin PBXGroup section */
		A80A49AC18EE921200F2F9B2 = {
			isa = PBXGroup;
			children = (
				A80A49C218EE922800F2F9B2 /* OpenGL */,
				A80A49B618EE921200F2F9B2 /* Products */,
			);
			sourceTree = "<group>";
		};
		A80A49B618EE921200F2F9B2 /* Products */ = {
			isa = PBXGroup;
			children = (
				A80A49B518EE921200F2F9B2 /* libFxsOpenGL.a */,
			);
			name = Products;
			sourceTree = "<group>";
		};
		A80A49C218EE922800F2F9B2 /* OpenGL */ = {
			isa = PBXGroup;
			children = (
				A80A49BC18EE922000F2F9B2 /* glcorearb.h */,
				A80A49BD18EE922000F2F9B2 /* Program.c */,
				A80A49BE18EE922000F2F9B2 /* Program.h */,
			);
			name = OpenGL;
			sourceTree = "<group>";
		};
/* End PBXGroup section */

/* Begin PBXHeadersBuildPhase section */
		A80A49B318EE921200F2F9B2 /* Headers */ = {
			isa = PBXHeadersBuildPhase;
			buildActionMask = 2147483647;
			files = (
				A80A49BF18EE922000F2F9B2 /* glcorearb.h in Headers */,
				A80A49C118EE922000F2F9B2 /* Program.h in Headers */,
			);
			runOnlyForDeploymentPostprocessing = 0;
		};
/* End PBXHeadersBuildPhase section */

/* Begin PBXNativeTarget section */
		A80A49B418EE921200F2F9B2 /* FxsOpenGL */ = {
			isa = PBXNativeTarget;
			buildConfigurationList = A80A49B918EE921200F2F9B2 /* Build configuration list for PBXNativeTarget "FxsOpenGL" */;
			buildPhases = (
				A80A49B118EE921200F2F9B2 /* Sources */,
				A80A49B218EE921200F2F9B2 /* Frameworks */,
				A80A49B318EE921200F2F9B2 /* Headers */,
			);
			buildRules = (
			);
			dependencies = (
			);
			name = FxsOpenGL;
			productName = FxsOpenGL;
			productReference = A80A49B518EE921200F2F9B2 /* libFxsOpenGL.a */;
			productType = "com.apple.product-type.library.static";
		};
/* End PBXNativeTarget section */

/* Begin PBXProject section */
		A80A49AD18EE921200F2F9B2 /* Project object */ = {
			isa = PBXProject;
			attributes = {
				LastUpgradeCheck = 0510;
				ORGANIZATIONNAME = "Arno in Wolde Luebke";
			};
			buildConfigurationList = A80A49B018EE921200F2F9B2 /* Build configuration list for PBXProject "FxsOpenGL" */;
			compatibilityVersion = "Xcode 3.2";
			developmentRegion = English;
			hasScannedForEncodings = 0;
			knownRegions = (
				en,
			);
			mainGroup = A80A49AC18EE921200F2F9B2;
			productRefGroup = A80A49B618EE921200F2F9B2 /* Products */;
			projectDirPath = "";
			projectRoot = "";
			targets = (
				A80A49B418EE921200F2F9B2 /* FxsOpenGL */,
			);
		};
/* End PBXProject section */

/* Begin PBXSourcesBuildPhase section */
		A80A49B118EE921200F2F9B2 /* Sources */ = {
			isa = PBXSourcesBuildPhase;
			buildActionMask = 2147483647;
			files = (
				A80A49C018EE922000F2F9B2 /* Program.c in Sources */,
			);
			runOnlyForDeploymentPostprocessing = 0;
		};
/* End PBXSourcesBuildPhase section */

/* Begin XCBuildConfiguration section */
		A80A49B718EE921200F2F9B2 /* Debug */ = {
			isa = XCBuildConfiguration;
			buildSettings = {
				ALWAYS_SEARCH_USER_PATHS = NO;
				CLANG_CXX_LANGUAGE_STANDARD = "gnu++0x";
				CLANG_CXX_LIBRARY = "libc++";
				CLANG_ENABLE_MODULES = YES;
				CLANG_ENABLE_OBJC_ARC = YES;
				CLANG_WARN_BOOL_CONVERSION = YES;
				CLANG_WARN_CONSTANT_CONVERSION = YES;
				CLANG_WARN_DIRECT_OBJC_ISA_USAGE = YES_ERROR;
				CLANG_WARN_EMPTY_BODY = YES;
				CLANG_WARN_ENUM_CONVERSION = YES;
				CLANG_WARN_INT_CONVERSION = YES;
				CLANG_WARN_OBJC_ROOT_CLASS = YES_ERROR;
				CLANG_WARN__DUPLICATE_METHOD_MATCH = YES;
				COPY_PHASE_STRIP = NO;
				GCC_C_LANGUAGE_STANDARD = gnu99;
				GCC_DYNAMIC_NO_PIC = NO;
				GCC_ENABLE_OBJC_EXCEPTIONS = YES;
				GCC_OPTIMIZATION_LEVEL = 0;
				GCC_PREPROCESSOR_DEFINITIONS = (
					"DEBUG=1",
					"$(inherited)",
				);
				GCC_SYMBOLS_PRIVATE_EXTERN = NO;
				GCC_WARN_64_TO_32_BIT_CONVERSION = YES;
				GCC_WARN_ABOUT_RETURN_TYPE = YES_ERROR;
				GCC_WARN_UNDECLARED_SELECTOR = YES;
				GCC_WARN_UNINITIALIZED_AUTOS = YES_AGGRESSIVE;
				GCC_WARN_UNUSED_FUNCTION = YES;
				GCC_WARN_UNUSED_VARIABLE = YES;
				MACOSX_DEPLOYMENT_TARGET = 10.9;
				ONLY_ACTIVE_ARCH = YES;
				SDKROOT = macosx;
			};
			name = Debug;
		};
		A80A49B818EE921200F2F9B2 /* Release */ = {
			isa = XCBuildConfiguration;
			buildSettings = {
				ALWAYS_SEARCH_USER_PATHS = NO;
				CLANG_CXX_LANGUAGE_STANDARD = "gnu++0x";
				CLANG_CXX_LIBRARY = "libc++";
				CLANG_ENABLE_MODULES = YES;
				CLANG_ENABLE_OBJC_ARC = YES;
				CLANG_WARN_BOOL_CONVERSION = YES;
				CLANG_WARN_CONSTANT_CONVERSION = YES;
				CLANG_WARN_DIRECT_OBJC_ISA_USAGE = YES_ERROR;
				CLANG_WARN_EMPTY_BODY = YES;
				CLANG_WARN_ENUM_CONVERSION = YES;
				CLANG_WARN_INT_CONVERSION = YES;
				CLANG_WARN_OBJC_ROOT_CLASS = YES_ERROR;
				CLANG_WARN__DUPLICATE_METHOD_MATCH = YES;
				COPY_PHASE_STRIP = YES;
				DEBUG_INFORMATION_FORMAT = "dwarf-with-dsym";
				ENABLE_NS_ASSERTIONS = NO;
				GCC_C_LANGUAGE_STANDARD = gnu99;
				GCC_ENABLE_OBJC_EXCEPTIONS = YES;
				GCC_WARN_64_TO_32_BIT_CONVERSION = YES;
				GCC_WARN_ABOUT_RETURN_TYPE = YES_ERROR;
				GCC_WARN_UNDECLARED_SELECTOR = YES;
				GCC_WARN_UNINITIALIZED_AUTOS = YES_AGGRESSIVE;
				GCC_WARN_UNUSED_FUNCTION = YES;
				GCC_WARN_UNUSED_VARIABLE = YES;
				MACOSX_DEPLOYMENT_TARGET = 10.9;
				SDKROOT = macosx;
			};
			name = Release;
		};
		A80A49BA18EE921200F2F9B2 /* Debug */ = {
			isa = XCBuildConfiguration;
			buildSettings = {
				EXECUTABLE_PREFIX = lib;
				PRODUCT_NAME = "$(TARGET_NAME)";
			};
			name = Debug;
		};
		A80A49BB18EE921200F2F9B2 /* Release */ = {
			isa = XCBuildConfiguration;
			buildSettings = {
				EXECUTABLE_PREFIX = lib;
				PRODUCT_NAME = "$(TARGET_NAME)";
			};
			name = Release;
		};
/* End XCBuildConfiguration section */

/* Begin XCConfigurationList section */
		A80A49B018EE921200F2F9B2 /* Build configuration list for PBXProject "FxsOpenGL" */ = {
			isa = XCConfigurationList;
			buildConfigurations = (
				A80A49B718EE921200F2F9B2 /* Debug */,
				A80A49B818EE921200F2F9B2 /* Release */,
			);
			defaultConfigurationIsVisible = 0;
			defaultConfigurationName = Release;
		};
		A80A49B918EE921200F2F9B2 /* Build configuration list for PBXNativeTarget "FxsOpenGL" */ = {
			isa = XCConfigurationList;
			buildConfigurations = (
				A80A49BA18EE921200F2F9B2 /* Debug */,
				A80A49BB18EE921200F2F9B2 /* Release */,
			);
			defaultConfigurationIsVisible = 0;
		};
/* End XCConfigurationList section */
	};
	rootObject = A80A49AD18EE921200F2F9B2 /* Project object */;
}
