// !$*UTF8*$!
{
	archiveVersion = 1;
	classes = {
	};
	objectVersion = 46;
	objects = {

/* Begin PBXBuildFile section */
		A84E35B019289CBD00275838 /* main.c in Sources */ = {isa = PBXBuildFile; fileRef = A84E35AF19289CBD00275838 /* main.c */; };
		A84E35C419289CDD00275838 /* Array.c in Sources */ = {isa = PBXBuildFile; fileRef = A84E35B919289CDD00275838 /* Array.c */; };
		A84E35C619289CDD00275838 /* ObjFile2.c in Sources */ = {isa = PBXBuildFile; fileRef = A84E35C019289CDD00275838 /* ObjFile2.c */; };
/* End PBXBuildFile section */

/* Begin PBXCopyFilesBuildPhase section */
		A84E35AA19289CBD00275838 /* CopyFiles */ = {
			isa = PBXCopyFilesBuildPhase;
			buildActionMask = 2147483647;
			dstPath = /usr/share/man/man1/;
			dstSubfolderSpec = 0;
			files = (
			);
			runOnlyForDeploymentPostprocessing = 1;
		};
/* End PBXCopyFilesBuildPhase section */

/* Begin PBXFileReference section */
		A84E35AC19289CBD00275838 /* ObjFile2Test */ = {isa = PBXFileReference; explicitFileType = "compiled.mach-o.executable"; includeInIndex = 0; path = ObjFile2Test; sourceTree = BUILT_PRODUCTS_DIR; };
		A84E35AF19289CBD00275838 /* main.c */ = {isa = PBXFileReference; lastKnownFileType = sourcecode.c.c; path = main.c; sourceTree = "<group>"; };
		A84E35B919289CDD00275838 /* Array.c */ = {isa = PBXFileReference; fileEncoding = 4; lastKnownFileType = sourcecode.c.c; path = Array.c; sourceTree = "<group>"; };
		A84E35BA19289CDD00275838 /* Array.h */ = {isa = PBXFileReference; fileEncoding = 4; lastKnownFileType = sourcecode.c.h; path = Array.h; sourceTree = "<group>"; };
		A84E35C019289CDD00275838 /* ObjFile2.c */ = {isa = PBXFileReference; fileEncoding = 4; lastKnownFileType = sourcecode.c.c; path = ObjFile2.c; sourceTree = "<group>"; };
		A84E35C119289CDD00275838 /* ObjFile2.h */ = {isa = PBXFileReference; fileEncoding = 4; lastKnownFileType = sourcecode.c.h; path = ObjFile2.h; sourceTree = "<group>"; };
		A84E35C81928A1E300275838 /* bunny.obj */ = {isa = PBXFileReference; fileEncoding = 4; lastKnownFileType = text; path = bunny.obj; sourceTree = "<group>"; };
		A84E35C91928A1E300275838 /* monkey.obj */ = {isa = PBXFileReference; fileEncoding = 4; lastKnownFileType = text; path = monkey.obj; sourceTree = "<group>"; };
		A84E35CA1928A3BF00275838 /* LighthouseColored.obj */ = {isa = PBXFileReference; fileEncoding = 4; lastKnownFileType = text; path = LighthouseColored.obj; sourceTree = "<group>"; };
/* End PBXFileReference section */

/* Begin PBXFrameworksBuildPhase section */
		A84E35A919289CBD00275838 /* Frameworks */ = {
			isa = PBXFrameworksBuildPhase;
			buildActionMask = 2147483647;
			files = (
			);
			runOnlyForDeploymentPostprocessing = 0;
		};
/* End PBXFrameworksBuildPhase section */

/* Begin PBXGroup section */
		A84E35A319289CBD00275838 = {
			isa = PBXGroup;
			children = (
				A84E35B819289CDD00275838 /* Array */,
				A84E35BB19289CDD00275838 /* Obj */,
				A84E35AE19289CBD00275838 /* ObjFile2Test */,
				A84E35AD19289CBD00275838 /* Products */,
			);
			sourceTree = "<group>";
		};
		A84E35AD19289CBD00275838 /* Products */ = {
			isa = PBXGroup;
			children = (
				A84E35AC19289CBD00275838 /* ObjFile2Test */,
			);
			name = Products;
			sourceTree = "<group>";
		};
		A84E35AE19289CBD00275838 /* ObjFile2Test */ = {
			isa = PBXGroup;
			children = (
				A84E35CA1928A3BF00275838 /* LighthouseColored.obj */,
				A84E35C81928A1E300275838 /* bunny.obj */,
				A84E35C91928A1E300275838 /* monkey.obj */,
				A84E35AF19289CBD00275838 /* main.c */,
			);
			path = ObjFile2Test;
			sourceTree = "<group>";
		};
		A84E35B819289CDD00275838 /* Array */ = {
			isa = PBXGroup;
			children = (
				A84E35B919289CDD00275838 /* Array.c */,
				A84E35BA19289CDD00275838 /* Array.h */,
			);
			name = Array;
			path = ../../Array;
			sourceTree = "<group>";
		};
		A84E35BB19289CDD00275838 /* Obj */ = {
			isa = PBXGroup;
			children = (
				A84E35C019289CDD00275838 /* ObjFile2.c */,
				A84E35C119289CDD00275838 /* ObjFile2.h */,
			);
			name = Obj;
			path = ../../Obj;
			sourceTree = "<group>";
		};
/* End PBXGroup section */

/* Begin PBXNativeTarget section */
		A84E35AB19289CBD00275838 /* ObjFile2Test */ = {
			isa = PBXNativeTarget;
			buildConfigurationList = A84E35B519289CBD00275838 /* Build configuration list for PBXNativeTarget "ObjFile2Test" */;
			buildPhases = (
				A84E35A819289CBD00275838 /* Sources */,
				A84E35A919289CBD00275838 /* Frameworks */,
				A84E35AA19289CBD00275838 /* CopyFiles */,
			);
			buildRules = (
			);
			dependencies = (
			);
			name = ObjFile2Test;
			productName = ObjFile2Test;
			productReference = A84E35AC19289CBD00275838 /* ObjFile2Test */;
			productType = "com.apple.product-type.tool";
		};
/* End PBXNativeTarget section */

/* Begin PBXProject section */
		A84E35A419289CBD00275838 /* Project object */ = {
			isa = PBXProject;
			attributes = {
				LastUpgradeCheck = 0510;
				ORGANIZATIONNAME = "Arno in Wolde Luebke";
			};
			buildConfigurationList = A84E35A719289CBD00275838 /* Build configuration list for PBXProject "ObjFile2Test" */;
			compatibilityVersion = "Xcode 3.2";
			developmentRegion = English;
			hasScannedForEncodings = 0;
			knownRegions = (
				en,
			);
			mainGroup = A84E35A319289CBD00275838;
			productRefGroup = A84E35AD19289CBD00275838 /* Products */;
			projectDirPath = "";
			projectRoot = "";
			targets = (
				A84E35AB19289CBD00275838 /* ObjFile2Test */,
			);
		};
/* End PBXProject section */

/* Begin PBXSourcesBuildPhase section */
		A84E35A819289CBD00275838 /* Sources */ = {
			isa = PBXSourcesBuildPhase;
			buildActionMask = 2147483647;
			files = (
				A84E35C619289CDD00275838 /* ObjFile2.c in Sources */,
				A84E35B019289CBD00275838 /* main.c in Sources */,
				A84E35C419289CDD00275838 /* Array.c in Sources */,
			);
			runOnlyForDeploymentPostprocessing = 0;
		};
/* End PBXSourcesBuildPhase section */

/* Begin XCBuildConfiguration section */
		A84E35B319289CBD00275838 /* Debug */ = {
			isa = XCBuildConfiguration;
			buildSettings = {
				ALWAYS_SEARCH_USER_PATHS = NO;
				CLANG_CXX_LANGUAGE_STANDARD = "gnu++0x";
				CLANG_CXX_LIBRARY = "libc++";
				CLANG_ENABLE_MODULES = YES;
				CLANG_ENABLE_OBJC_ARC = YES;
				CLANG_WARN_BOOL_CONVERSION = YES;
				CLANG_WARN_CONSTANT_CONVERSION = YES;
				CLANG_WARN_DIRECT_OBJC_ISA_USAGE = YES_ERROR;
				CLANG_WARN_EMPTY_BODY = YES;
				CLANG_WARN_ENUM_CONVERSION = YES;
				CLANG_WARN_INT_CONVERSION = YES;
				CLANG_WARN_OBJC_ROOT_CLASS = YES_ERROR;
				CLANG_WARN__DUPLICATE_METHOD_MATCH = YES;
				COPY_PHASE_STRIP = NO;
				GCC_C_LANGUAGE_STANDARD = gnu99;
				GCC_DYNAMIC_NO_PIC = NO;
				GCC_ENABLE_OBJC_EXCEPTIONS = YES;
				GCC_OPTIMIZATION_LEVEL = 0;
				GCC_PREPROCESSOR_DEFINITIONS = (
					"DEBUG=1",
					"$(inherited)",
				);
				GCC_SYMBOLS_PRIVATE_EXTERN = NO;
				GCC_WARN_64_TO_32_BIT_CONVERSION = YES;
				GCC_WARN_ABOUT_RETURN_TYPE = YES_ERROR;
				GCC_WARN_UNDECLARED_SELECTOR = YES;
				GCC_WARN_UNINITIALIZED_AUTOS = YES_AGGRESSIVE;
				GCC_WARN_UNUSED_FUNCTION = YES;
				GCC_WARN_UNUSED_VARIABLE = YES;
				MACOSX_DEPLOYMENT_TARGET = 10.9;
				ONLY_ACTIVE_ARCH = YES;
				SDKROOT = macosx;
			};
			name = Debug;
		};
		A84E35B419289CBD00275838 /* Release */ = {
			isa = XCBuildConfiguration;
			buildSettings = {
				ALWAYS_SEARCH_USER_PATHS = NO;
				CLANG_CXX_LANGUAGE_STANDARD = "gnu++0x";
				CLANG_CXX_LIBRARY = "libc++";
				CLANG_ENABLE_MODULES = YES;
				CLANG_ENABLE_OBJC_ARC = YES;
				CLANG_WARN_BOOL_CONVERSION = YES;
				CLANG_WARN_CONSTANT_CONVERSION = YES;
				CLANG_WARN_DIRECT_OBJC_ISA_USAGE = YES_ERROR;
				CLANG_WARN_EMPTY_BODY = YES;
				CLANG_WARN_ENUM_CONVERSION = YES;
				CLANG_WARN_INT_CONVERSION = YES;
				CLANG_WARN_OBJC_ROOT_CLASS = YES_ERROR;
				CLANG_WARN__DUPLICATE_METHOD_MATCH = YES;
				COPY_PHASE_STRIP = YES;
				DEBUG_INFORMATION_FORMAT = "dwarf-with-dsym";
				ENABLE_NS_ASSERTIONS = NO;
				GCC_C_LANGUAGE_STANDARD = gnu99;
				GCC_ENABLE_OBJC_EXCEPTIONS = YES;
				GCC_WARN_64_TO_32_BIT_CONVERSION = YES;
				GCC_WARN_ABOUT_RETURN_TYPE = YES_ERROR;
				GCC_WARN_UNDECLARED_SELECTOR = YES;
				GCC_WARN_UNINITIALIZED_AUTOS = YES_AGGRESSIVE;
				GCC_WARN_UNUSED_FUNCTION = YES;
				GCC_WARN_UNUSED_VARIABLE = YES;
				MACOSX_DEPLOYMENT_TARGET = 10.9;
				SDKROOT = macosx;
			};
			name = Release;
		};
		A84E35B619289CBD00275838 /* Debug */ = {
			isa = XCBuildConfiguration;
			buildSettings = {
				PRODUCT_NAME = "$(TARGET_NAME)";
			};
			name = Debug;
		};
		A84E35B719289CBD00275838 /* Release */ = {
			isa = XCBuildConfiguration;
			buildSettings = {
				PRODUCT_NAME = "$(TARGET_NAME)";
			};
			name = Release;
		};
/* End XCBuildConfiguration section */

/* Begin XCConfigurationList section */
		A84E35A719289CBD00275838 /* Build configuration list for PBXProject "ObjFile2Test" */ = {
			isa = XCConfigurationList;
			buildConfigurations = (
				A84E35B319289CBD00275838 /* Debug */,
				A84E35B419289CBD00275838 /* Release */,
			);
			defaultConfigurationIsVisible = 0;
			defaultConfigurationName = Release;
		};
		A84E35B519289CBD00275838 /* Build configuration list for PBXNativeTarget "ObjFile2Test" */ = {
			isa = XCConfigurationList;
			buildConfigurations = (
				A84E35B619289CBD00275838 /* Debug */,
				A84E35B719289CBD00275838 /* Release */,
			);
			defaultConfigurationIsVisible = 0;
		};
/* End XCConfigurationList section */
	};
	rootObject = A84E35A419289CBD00275838 /* Project object */;
}
